// !$*UTF8*$!
{
	archiveVersion = 1;
	classes = {
	};
	objectVersion = 46;
	objects = {

/* Begin PBXBuildFile section */
		102F9A1BC2AD9EA740D606FB /* Pods_RichTextVC_iOS_Tests.framework in Frameworks */ = {isa = PBXBuildFile; fileRef = 419DA07571D1004D059D8FC8 /* Pods_RichTextVC_iOS_Tests.framework */; };
		119567F91DF0CF5500BF7F13 /* RichTextVC_iOS_ExampleTests.swift in Sources */ = {isa = PBXBuildFile; fileRef = 119567F81DF0CF5500BF7F13 /* RichTextVC_iOS_ExampleTests.swift */; };
		3897A49EBC687B13F31D8099 /* Pods_RichTextVC_iOS_Example.framework in Frameworks */ = {isa = PBXBuildFile; fileRef = A2AD4AB622F55CF87DE630B5 /* Pods_RichTextVC_iOS_Example.framework */; };
		5959A6861CCAA4CC005031E6 /* AppDelegate.swift in Sources */ = {isa = PBXBuildFile; fileRef = 5959A6851CCAA4CC005031E6 /* AppDelegate.swift */; };
		5959A6881CCAA4CC005031E6 /* ViewController.swift in Sources */ = {isa = PBXBuildFile; fileRef = 5959A6871CCAA4CC005031E6 /* ViewController.swift */; };
		5959A68B1CCAA4CC005031E6 /* Main.storyboard in Resources */ = {isa = PBXBuildFile; fileRef = 5959A6891CCAA4CC005031E6 /* Main.storyboard */; };
		5959A68D1CCAA4CC005031E6 /* Assets.xcassets in Resources */ = {isa = PBXBuildFile; fileRef = 5959A68C1CCAA4CC005031E6 /* Assets.xcassets */; };
		5959A6901CCAA4CC005031E6 /* LaunchScreen.storyboard in Resources */ = {isa = PBXBuildFile; fileRef = 5959A68E1CCAA4CC005031E6 /* LaunchScreen.storyboard */; };
		5959A69B1CCAA4CC005031E6 /* RichTextVC_iOS_ExampleUITests.swift in Sources */ = {isa = PBXBuildFile; fileRef = 5959A69A1CCAA4CC005031E6 /* RichTextVC_iOS_ExampleUITests.swift */; };
		7E7D65A1FBCF1639009B58B7 /* Pods_RichTextVC_iOS_ExampleTests.framework in Frameworks */ = {isa = PBXBuildFile; fileRef = 95984DD4F93C68D5EFC09F0D /* Pods_RichTextVC_iOS_ExampleTests.framework */; };
/* End PBXBuildFile section */

/* Begin PBXContainerItemProxy section */
		119567FB1DF0CF5500BF7F13 /* PBXContainerItemProxy */ = {
			isa = PBXContainerItemProxy;
			containerPortal = 5959A67A1CCAA4CC005031E6 /* Project object */;
			proxyType = 1;
			remoteGlobalIDString = 5959A6811CCAA4CC005031E6;
			remoteInfo = "RichTextVC-iOS-Example";
		};
		5959A6971CCAA4CC005031E6 /* PBXContainerItemProxy */ = {
			isa = PBXContainerItemProxy;
			containerPortal = 5959A67A1CCAA4CC005031E6 /* Project object */;
			proxyType = 1;
			remoteGlobalIDString = 5959A6811CCAA4CC005031E6;
			remoteInfo = "RichTextVC-iOS-Example";
		};
/* End PBXContainerItemProxy section */

/* Begin PBXFileReference section */
		119567F61DF0CF5500BF7F13 /* RichTextVC-iOS-ExampleTests.xctest */ = {isa = PBXFileReference; explicitFileType = wrapper.cfbundle; includeInIndex = 0; path = "RichTextVC-iOS-ExampleTests.xctest"; sourceTree = BUILT_PRODUCTS_DIR; };
		119567F81DF0CF5500BF7F13 /* RichTextVC_iOS_ExampleTests.swift */ = {isa = PBXFileReference; lastKnownFileType = sourcecode.swift; path = RichTextVC_iOS_ExampleTests.swift; sourceTree = "<group>"; };
		119567FA1DF0CF5500BF7F13 /* Info.plist */ = {isa = PBXFileReference; lastKnownFileType = text.plist.xml; path = Info.plist; sourceTree = "<group>"; };
		419DA07571D1004D059D8FC8 /* Pods_RichTextVC_iOS_Tests.framework */ = {isa = PBXFileReference; explicitFileType = wrapper.framework; includeInIndex = 0; path = Pods_RichTextVC_iOS_Tests.framework; sourceTree = BUILT_PRODUCTS_DIR; };
		493CDC80A3392B49A8BE7BF0 /* Pods-RichTextVC-iOS-Example.debug.xcconfig */ = {isa = PBXFileReference; includeInIndex = 1; lastKnownFileType = text.xcconfig; name = "Pods-RichTextVC-iOS-Example.debug.xcconfig"; path = "Pods/Target Support Files/Pods-RichTextVC-iOS-Example/Pods-RichTextVC-iOS-Example.debug.xcconfig"; sourceTree = "<group>"; };
		5959A6821CCAA4CC005031E6 /* RichTextVC-iOS-Example.app */ = {isa = PBXFileReference; explicitFileType = wrapper.application; includeInIndex = 0; path = "RichTextVC-iOS-Example.app"; sourceTree = BUILT_PRODUCTS_DIR; };
		5959A6851CCAA4CC005031E6 /* AppDelegate.swift */ = {isa = PBXFileReference; lastKnownFileType = sourcecode.swift; path = AppDelegate.swift; sourceTree = "<group>"; };
		5959A6871CCAA4CC005031E6 /* ViewController.swift */ = {isa = PBXFileReference; lastKnownFileType = sourcecode.swift; path = ViewController.swift; sourceTree = "<group>"; };
		5959A68A1CCAA4CC005031E6 /* Base */ = {isa = PBXFileReference; lastKnownFileType = file.storyboard; name = Base; path = Base.lproj/Main.storyboard; sourceTree = "<group>"; };
		5959A68C1CCAA4CC005031E6 /* Assets.xcassets */ = {isa = PBXFileReference; lastKnownFileType = folder.assetcatalog; path = Assets.xcassets; sourceTree = "<group>"; };
		5959A68F1CCAA4CC005031E6 /* Base */ = {isa = PBXFileReference; lastKnownFileType = file.storyboard; name = Base; path = Base.lproj/LaunchScreen.storyboard; sourceTree = "<group>"; };
		5959A6911CCAA4CC005031E6 /* Info.plist */ = {isa = PBXFileReference; lastKnownFileType = text.plist.xml; path = Info.plist; sourceTree = "<group>"; };
		5959A6961CCAA4CC005031E6 /* RichTextVC-iOS-Tests.xctest */ = {isa = PBXFileReference; explicitFileType = wrapper.cfbundle; includeInIndex = 0; path = "RichTextVC-iOS-Tests.xctest"; sourceTree = BUILT_PRODUCTS_DIR; };
		5959A69A1CCAA4CC005031E6 /* RichTextVC_iOS_ExampleUITests.swift */ = {isa = PBXFileReference; lastKnownFileType = sourcecode.swift; path = RichTextVC_iOS_ExampleUITests.swift; sourceTree = "<group>"; };
		5959A69C1CCAA4CC005031E6 /* Info.plist */ = {isa = PBXFileReference; lastKnownFileType = text.plist.xml; path = Info.plist; sourceTree = "<group>"; };
		6813546731D067CE65DD9C29 /* Pods-RichTextVC-iOS-Tests.release.xcconfig */ = {isa = PBXFileReference; includeInIndex = 1; lastKnownFileType = text.xcconfig; name = "Pods-RichTextVC-iOS-Tests.release.xcconfig"; path = "Pods/Target Support Files/Pods-RichTextVC-iOS-Tests/Pods-RichTextVC-iOS-Tests.release.xcconfig"; sourceTree = "<group>"; };
		7DC9CEF39D23A51166AAD19B /* Pods-RichTextVC-iOS-Example.release.xcconfig */ = {isa = PBXFileReference; includeInIndex = 1; lastKnownFileType = text.xcconfig; name = "Pods-RichTextVC-iOS-Example.release.xcconfig"; path = "Pods/Target Support Files/Pods-RichTextVC-iOS-Example/Pods-RichTextVC-iOS-Example.release.xcconfig"; sourceTree = "<group>"; };
		8887BF4486E5693B7770B505 /* Pods-RichTextVC-iOS-ExampleTests.release.xcconfig */ = {isa = PBXFileReference; includeInIndex = 1; lastKnownFileType = text.xcconfig; name = "Pods-RichTextVC-iOS-ExampleTests.release.xcconfig"; path = "Pods/Target Support Files/Pods-RichTextVC-iOS-ExampleTests/Pods-RichTextVC-iOS-ExampleTests.release.xcconfig"; sourceTree = "<group>"; };
		8C557A8CC724D55D2BDCCB5F /* Pods-RichTextVC-iOS-ExampleTests.debug.xcconfig */ = {isa = PBXFileReference; includeInIndex = 1; lastKnownFileType = text.xcconfig; name = "Pods-RichTextVC-iOS-ExampleTests.debug.xcconfig"; path = "Pods/Target Support Files/Pods-RichTextVC-iOS-ExampleTests/Pods-RichTextVC-iOS-ExampleTests.debug.xcconfig"; sourceTree = "<group>"; };
		95984DD4F93C68D5EFC09F0D /* Pods_RichTextVC_iOS_ExampleTests.framework */ = {isa = PBXFileReference; explicitFileType = wrapper.framework; includeInIndex = 0; path = Pods_RichTextVC_iOS_ExampleTests.framework; sourceTree = BUILT_PRODUCTS_DIR; };
		A2AD4AB622F55CF87DE630B5 /* Pods_RichTextVC_iOS_Example.framework */ = {isa = PBXFileReference; explicitFileType = wrapper.framework; includeInIndex = 0; path = Pods_RichTextVC_iOS_Example.framework; sourceTree = BUILT_PRODUCTS_DIR; };
		E6060A7906FB6F67F03C1B0E /* Pods-RichTextVC-iOS-Tests.debug.xcconfig */ = {isa = PBXFileReference; includeInIndex = 1; lastKnownFileType = text.xcconfig; name = "Pods-RichTextVC-iOS-Tests.debug.xcconfig"; path = "Pods/Target Support Files/Pods-RichTextVC-iOS-Tests/Pods-RichTextVC-iOS-Tests.debug.xcconfig"; sourceTree = "<group>"; };
/* End PBXFileReference section */

/* Begin PBXFrameworksBuildPhase section */
		119567F31DF0CF5500BF7F13 /* Frameworks */ = {
			isa = PBXFrameworksBuildPhase;
			buildActionMask = 2147483647;
			files = (
				7E7D65A1FBCF1639009B58B7 /* Pods_RichTextVC_iOS_ExampleTests.framework in Frameworks */,
			);
			runOnlyForDeploymentPostprocessing = 0;
		};
		5959A67F1CCAA4CC005031E6 /* Frameworks */ = {
			isa = PBXFrameworksBuildPhase;
			buildActionMask = 2147483647;
			files = (
				3897A49EBC687B13F31D8099 /* Pods_RichTextVC_iOS_Example.framework in Frameworks */,
			);
			runOnlyForDeploymentPostprocessing = 0;
		};
		5959A6931CCAA4CC005031E6 /* Frameworks */ = {
			isa = PBXFrameworksBuildPhase;
			buildActionMask = 2147483647;
			files = (
				102F9A1BC2AD9EA740D606FB /* Pods_RichTextVC_iOS_Tests.framework in Frameworks */,
			);
			runOnlyForDeploymentPostprocessing = 0;
		};
/* End PBXFrameworksBuildPhase section */

/* Begin PBXGroup section */
		119567F71DF0CF5500BF7F13 /* RichTextVC-iOS-ExampleTests */ = {
			isa = PBXGroup;
			children = (
				119567F81DF0CF5500BF7F13 /* RichTextVC_iOS_ExampleTests.swift */,
				119567FA1DF0CF5500BF7F13 /* Info.plist */,
			);
			path = "RichTextVC-iOS-ExampleTests";
			sourceTree = "<group>";
		};
		5959A6791CCAA4CC005031E6 = {
			isa = PBXGroup;
			children = (
				5959A6841CCAA4CC005031E6 /* RichTextVC-iOS-Example */,
				5959A6991CCAA4CC005031E6 /* RichTextVC-iOS-ExampleUITests */,
				119567F71DF0CF5500BF7F13 /* RichTextVC-iOS-ExampleTests */,
				5959A6831CCAA4CC005031E6 /* Products */,
				B52755A118507E7833A03D1E /* Pods */,
				B9801F35BB55A9D76A2CEBDD /* Frameworks */,
			);
			sourceTree = "<group>";
		};
		5959A6831CCAA4CC005031E6 /* Products */ = {
			isa = PBXGroup;
			children = (
				5959A6821CCAA4CC005031E6 /* RichTextVC-iOS-Example.app */,
				5959A6961CCAA4CC005031E6 /* RichTextVC-iOS-Tests.xctest */,
				119567F61DF0CF5500BF7F13 /* RichTextVC-iOS-ExampleTests.xctest */,
			);
			name = Products;
			sourceTree = "<group>";
		};
		5959A6841CCAA4CC005031E6 /* RichTextVC-iOS-Example */ = {
			isa = PBXGroup;
			children = (
				5959A6851CCAA4CC005031E6 /* AppDelegate.swift */,
				5959A6871CCAA4CC005031E6 /* ViewController.swift */,
				5959A6891CCAA4CC005031E6 /* Main.storyboard */,
				5959A68C1CCAA4CC005031E6 /* Assets.xcassets */,
				5959A68E1CCAA4CC005031E6 /* LaunchScreen.storyboard */,
				5959A6911CCAA4CC005031E6 /* Info.plist */,
			);
			path = "RichTextVC-iOS-Example";
			sourceTree = "<group>";
		};
		5959A6991CCAA4CC005031E6 /* RichTextVC-iOS-ExampleUITests */ = {
			isa = PBXGroup;
			children = (
				5959A69A1CCAA4CC005031E6 /* RichTextVC_iOS_ExampleUITests.swift */,
				5959A69C1CCAA4CC005031E6 /* Info.plist */,
			);
			path = "RichTextVC-iOS-ExampleUITests";
			sourceTree = "<group>";
		};
		B52755A118507E7833A03D1E /* Pods */ = {
			isa = PBXGroup;
			children = (
				493CDC80A3392B49A8BE7BF0 /* Pods-RichTextVC-iOS-Example.debug.xcconfig */,
				7DC9CEF39D23A51166AAD19B /* Pods-RichTextVC-iOS-Example.release.xcconfig */,
				E6060A7906FB6F67F03C1B0E /* Pods-RichTextVC-iOS-Tests.debug.xcconfig */,
				6813546731D067CE65DD9C29 /* Pods-RichTextVC-iOS-Tests.release.xcconfig */,
				8C557A8CC724D55D2BDCCB5F /* Pods-RichTextVC-iOS-ExampleTests.debug.xcconfig */,
				8887BF4486E5693B7770B505 /* Pods-RichTextVC-iOS-ExampleTests.release.xcconfig */,
			);
			name = Pods;
			sourceTree = "<group>";
		};
		B9801F35BB55A9D76A2CEBDD /* Frameworks */ = {
			isa = PBXGroup;
			children = (
				A2AD4AB622F55CF87DE630B5 /* Pods_RichTextVC_iOS_Example.framework */,
				419DA07571D1004D059D8FC8 /* Pods_RichTextVC_iOS_Tests.framework */,
				95984DD4F93C68D5EFC09F0D /* Pods_RichTextVC_iOS_ExampleTests.framework */,
			);
			name = Frameworks;
			sourceTree = "<group>";
		};
/* End PBXGroup section */

/* Begin PBXNativeTarget section */
		119567F51DF0CF5500BF7F13 /* RichTextVC-iOS-ExampleTests */ = {
			isa = PBXNativeTarget;
			buildConfigurationList = 119567FF1DF0CF5500BF7F13 /* Build configuration list for PBXNativeTarget "RichTextVC-iOS-ExampleTests" */;
			buildPhases = (
				83A65C45CD374C8C8655E5C4 /* [CP] Check Pods Manifest.lock */,
				119567F21DF0CF5500BF7F13 /* Sources */,
				119567F31DF0CF5500BF7F13 /* Frameworks */,
				119567F41DF0CF5500BF7F13 /* Resources */,
				C7F00EBFEA9AC7167C0AE77A /* [CP] Embed Pods Frameworks */,
				93DD62D80B05B64DD705FD38 /* [CP] Copy Pods Resources */,
			);
			buildRules = (
			);
			dependencies = (
				119567FC1DF0CF5500BF7F13 /* PBXTargetDependency */,
			);
			name = "RichTextVC-iOS-ExampleTests";
			productName = "RichTextVC-iOS-ExampleTests";
			productReference = 119567F61DF0CF5500BF7F13 /* RichTextVC-iOS-ExampleTests.xctest */;
			productType = "com.apple.product-type.bundle.unit-test";
		};
		5959A6811CCAA4CC005031E6 /* RichTextVC-iOS-Example */ = {
			isa = PBXNativeTarget;
			buildConfigurationList = 5959A69F1CCAA4CC005031E6 /* Build configuration list for PBXNativeTarget "RichTextVC-iOS-Example" */;
			buildPhases = (
				2AE3DD3B87341101F3E008B6 /* [CP] Check Pods Manifest.lock */,
				5959A67E1CCAA4CC005031E6 /* Sources */,
				5959A67F1CCAA4CC005031E6 /* Frameworks */,
				5959A6801CCAA4CC005031E6 /* Resources */,
				CB7C15D72403EE6B35B5AAE7 /* [CP] Embed Pods Frameworks */,
				0D4D2A04753939A301CA5286 /* [CP] Copy Pods Resources */,
			);
			buildRules = (
			);
			dependencies = (
			);
			name = "RichTextVC-iOS-Example";
			productName = "RichTextVC-iOS-Example";
			productReference = 5959A6821CCAA4CC005031E6 /* RichTextVC-iOS-Example.app */;
			productType = "com.apple.product-type.application";
		};
		5959A6951CCAA4CC005031E6 /* RichTextVC-iOS-Tests */ = {
			isa = PBXNativeTarget;
			buildConfigurationList = 5959A6A21CCAA4CC005031E6 /* Build configuration list for PBXNativeTarget "RichTextVC-iOS-Tests" */;
			buildPhases = (
				6C2E4AED241C08D83D3C4323 /* [CP] Check Pods Manifest.lock */,
				5959A6921CCAA4CC005031E6 /* Sources */,
				5959A6931CCAA4CC005031E6 /* Frameworks */,
				5959A6941CCAA4CC005031E6 /* Resources */,
				225C505E16CAC499AD605027 /* [CP] Embed Pods Frameworks */,
				B2399E34FF22AF6298BDD00A /* [CP] Copy Pods Resources */,
			);
			buildRules = (
			);
			dependencies = (
				5959A6981CCAA4CC005031E6 /* PBXTargetDependency */,
			);
			name = "RichTextVC-iOS-Tests";
			productName = "RichTextVC-iOS-ExampleUITests";
			productReference = 5959A6961CCAA4CC005031E6 /* RichTextVC-iOS-Tests.xctest */;
			productType = "com.apple.product-type.bundle.ui-testing";
		};
/* End PBXNativeTarget section */

/* Begin PBXProject section */
		5959A67A1CCAA4CC005031E6 /* Project object */ = {
			isa = PBXProject;
			attributes = {
				LastSwiftUpdateCheck = 0810;
				LastUpgradeCheck = 0920;
				ORGANIZATIONNAME = LyokoTech;
				TargetAttributes = {
					119567F51DF0CF5500BF7F13 = {
						CreatedOnToolsVersion = 8.1;
						LastSwiftMigration = 0920;
						ProvisioningStyle = Automatic;
						TestTargetID = 5959A6811CCAA4CC005031E6;
					};
					5959A6811CCAA4CC005031E6 = {
						CreatedOnToolsVersion = 7.3;
						LastSwiftMigration = 0920;
					};
					5959A6951CCAA4CC005031E6 = {
						CreatedOnToolsVersion = 7.3;
						LastSwiftMigration = 0920;
						TestTargetID = 5959A6811CCAA4CC005031E6;
					};
				};
			};
			buildConfigurationList = 5959A67D1CCAA4CC005031E6 /* Build configuration list for PBXProject "RichTextVC-iOS-Example" */;
			compatibilityVersion = "Xcode 3.2";
			developmentRegion = English;
			hasScannedForEncodings = 0;
			knownRegions = (
				en,
				Base,
			);
			mainGroup = 5959A6791CCAA4CC005031E6;
			productRefGroup = 5959A6831CCAA4CC005031E6 /* Products */;
			projectDirPath = "";
			projectRoot = "";
			targets = (
				5959A6811CCAA4CC005031E6 /* RichTextVC-iOS-Example */,
				5959A6951CCAA4CC005031E6 /* RichTextVC-iOS-Tests */,
				119567F51DF0CF5500BF7F13 /* RichTextVC-iOS-ExampleTests */,
			);
		};
/* End PBXProject section */

/* Begin PBXResourcesBuildPhase section */
		119567F41DF0CF5500BF7F13 /* Resources */ = {
			isa = PBXResourcesBuildPhase;
			buildActionMask = 2147483647;
			files = (
			);
			runOnlyForDeploymentPostprocessing = 0;
		};
		5959A6801CCAA4CC005031E6 /* Resources */ = {
			isa = PBXResourcesBuildPhase;
			buildActionMask = 2147483647;
			files = (
				5959A6901CCAA4CC005031E6 /* LaunchScreen.storyboard in Resources */,
				5959A68D1CCAA4CC005031E6 /* Assets.xcassets in Resources */,
				5959A68B1CCAA4CC005031E6 /* Main.storyboard in Resources */,
			);
			runOnlyForDeploymentPostprocessing = 0;
		};
		5959A6941CCAA4CC005031E6 /* Resources */ = {
			isa = PBXResourcesBuildPhase;
			buildActionMask = 2147483647;
			files = (
			);
			runOnlyForDeploymentPostprocessing = 0;
		};
/* End PBXResourcesBuildPhase section */

/* Begin PBXShellScriptBuildPhase section */
		0D4D2A04753939A301CA5286 /* [CP] Copy Pods Resources */ = {
			isa = PBXShellScriptBuildPhase;
			buildActionMask = 2147483647;
			files = (
			);
			inputPaths = (
			);
			name = "[CP] Copy Pods Resources";
			outputPaths = (
			);
			runOnlyForDeploymentPostprocessing = 0;
			shellPath = /bin/sh;
			shellScript = "\"${SRCROOT}/Pods/Target Support Files/Pods-RichTextVC-iOS-Example/Pods-RichTextVC-iOS-Example-resources.sh\"\n";
			showEnvVarsInLog = 0;
		};
		225C505E16CAC499AD605027 /* [CP] Embed Pods Frameworks */ = {
			isa = PBXShellScriptBuildPhase;
			buildActionMask = 2147483647;
			files = (
			);
			inputPaths = (
				"${SRCROOT}/Pods/Target Support Files/Pods-RichTextVC-iOS-Tests/Pods-RichTextVC-iOS-Tests-frameworks.sh",
				"${BUILT_PRODUCTS_DIR}/RichTextVC-iOS-iOS9.3/RichTextVC_iOS.framework",
			);
			name = "[CP] Embed Pods Frameworks";
			outputPaths = (
				"${TARGET_BUILD_DIR}/${FRAMEWORKS_FOLDER_PATH}/RichTextVC_iOS.framework",
			);
			runOnlyForDeploymentPostprocessing = 0;
			shellPath = /bin/sh;
			shellScript = "\"${SRCROOT}/Pods/Target Support Files/Pods-RichTextVC-iOS-Tests/Pods-RichTextVC-iOS-Tests-frameworks.sh\"\n";
			showEnvVarsInLog = 0;
		};
		2AE3DD3B87341101F3E008B6 /* [CP] Check Pods Manifest.lock */ = {
			isa = PBXShellScriptBuildPhase;
			buildActionMask = 2147483647;
			files = (
			);
			inputPaths = (
				"${PODS_PODFILE_DIR_PATH}/Podfile.lock",
				"${PODS_ROOT}/Manifest.lock",
			);
			name = "[CP] Check Pods Manifest.lock";
			outputPaths = (
				"$(DERIVED_FILE_DIR)/Pods-RichTextVC-iOS-Example-checkManifestLockResult.txt",
			);
			runOnlyForDeploymentPostprocessing = 0;
			shellPath = /bin/sh;
			shellScript = "diff \"${PODS_PODFILE_DIR_PATH}/Podfile.lock\" \"${PODS_ROOT}/Manifest.lock\" > /dev/null\nif [ $? != 0 ] ; then\n    # print error to STDERR\n    echo \"error: The sandbox is not in sync with the Podfile.lock. Run 'pod install' or update your CocoaPods installation.\" >&2\n    exit 1\nfi\n# This output is used by Xcode 'outputs' to avoid re-running this script phase.\necho \"SUCCESS\" > \"${SCRIPT_OUTPUT_FILE_0}\"\n";
			showEnvVarsInLog = 0;
		};
		6C2E4AED241C08D83D3C4323 /* [CP] Check Pods Manifest.lock */ = {
			isa = PBXShellScriptBuildPhase;
			buildActionMask = 2147483647;
			files = (
			);
			inputPaths = (
				"${PODS_PODFILE_DIR_PATH}/Podfile.lock",
				"${PODS_ROOT}/Manifest.lock",
			);
			name = "[CP] Check Pods Manifest.lock";
			outputPaths = (
				"$(DERIVED_FILE_DIR)/Pods-RichTextVC-iOS-Tests-checkManifestLockResult.txt",
			);
			runOnlyForDeploymentPostprocessing = 0;
			shellPath = /bin/sh;
			shellScript = "diff \"${PODS_PODFILE_DIR_PATH}/Podfile.lock\" \"${PODS_ROOT}/Manifest.lock\" > /dev/null\nif [ $? != 0 ] ; then\n    # print error to STDERR\n    echo \"error: The sandbox is not in sync with the Podfile.lock. Run 'pod install' or update your CocoaPods installation.\" >&2\n    exit 1\nfi\n# This output is used by Xcode 'outputs' to avoid re-running this script phase.\necho \"SUCCESS\" > \"${SCRIPT_OUTPUT_FILE_0}\"\n";
			showEnvVarsInLog = 0;
		};
		83A65C45CD374C8C8655E5C4 /* [CP] Check Pods Manifest.lock */ = {
			isa = PBXShellScriptBuildPhase;
			buildActionMask = 2147483647;
			files = (
			);
			inputPaths = (
				"${PODS_PODFILE_DIR_PATH}/Podfile.lock",
				"${PODS_ROOT}/Manifest.lock",
			);
			name = "[CP] Check Pods Manifest.lock";
			outputPaths = (
				"$(DERIVED_FILE_DIR)/Pods-RichTextVC-iOS-ExampleTests-checkManifestLockResult.txt",
			);
			runOnlyForDeploymentPostprocessing = 0;
			shellPath = /bin/sh;
			shellScript = "diff \"${PODS_PODFILE_DIR_PATH}/Podfile.lock\" \"${PODS_ROOT}/Manifest.lock\" > /dev/null\nif [ $? != 0 ] ; then\n    # print error to STDERR\n    echo \"error: The sandbox is not in sync with the Podfile.lock. Run 'pod install' or update your CocoaPods installation.\" >&2\n    exit 1\nfi\n# This output is used by Xcode 'outputs' to avoid re-running this script phase.\necho \"SUCCESS\" > \"${SCRIPT_OUTPUT_FILE_0}\"\n";
			showEnvVarsInLog = 0;
		};
		93DD62D80B05B64DD705FD38 /* [CP] Copy Pods Resources */ = {
			isa = PBXShellScriptBuildPhase;
			buildActionMask = 2147483647;
			files = (
			);
			inputPaths = (
			);
			name = "[CP] Copy Pods Resources";
			outputPaths = (
			);
			runOnlyForDeploymentPostprocessing = 0;
			shellPath = /bin/sh;
			shellScript = "\"${SRCROOT}/Pods/Target Support Files/Pods-RichTextVC-iOS-ExampleTests/Pods-RichTextVC-iOS-ExampleTests-resources.sh\"\n";
			showEnvVarsInLog = 0;
		};
		B2399E34FF22AF6298BDD00A /* [CP] Copy Pods Resources */ = {
			isa = PBXShellScriptBuildPhase;
			buildActionMask = 2147483647;
			files = (
			);
			inputPaths = (
			);
			name = "[CP] Copy Pods Resources";
			outputPaths = (
			);
			runOnlyForDeploymentPostprocessing = 0;
			shellPath = /bin/sh;
			shellScript = "\"${SRCROOT}/Pods/Target Support Files/Pods-RichTextVC-iOS-Tests/Pods-RichTextVC-iOS-Tests-resources.sh\"\n";
			showEnvVarsInLog = 0;
		};
		C7F00EBFEA9AC7167C0AE77A /* [CP] Embed Pods Frameworks */ = {
			isa = PBXShellScriptBuildPhase;
			buildActionMask = 2147483647;
			files = (
			);
			inputPaths = (
				"${SRCROOT}/Pods/Target Support Files/Pods-RichTextVC-iOS-ExampleTests/Pods-RichTextVC-iOS-ExampleTests-frameworks.sh",
				"${BUILT_PRODUCTS_DIR}/RichTextVC-iOS-iOS10.1/RichTextVC_iOS.framework",
			);
			name = "[CP] Embed Pods Frameworks";
			outputPaths = (
				"${TARGET_BUILD_DIR}/${FRAMEWORKS_FOLDER_PATH}/RichTextVC_iOS.framework",
			);
			runOnlyForDeploymentPostprocessing = 0;
			shellPath = /bin/sh;
			shellScript = "\"${SRCROOT}/Pods/Target Support Files/Pods-RichTextVC-iOS-ExampleTests/Pods-RichTextVC-iOS-ExampleTests-frameworks.sh\"\n";
			showEnvVarsInLog = 0;
		};
		CB7C15D72403EE6B35B5AAE7 /* [CP] Embed Pods Frameworks */ = {
			isa = PBXShellScriptBuildPhase;
			buildActionMask = 2147483647;
			files = (
			);
			inputPaths = (
				"${SRCROOT}/Pods/Target Support Files/Pods-RichTextVC-iOS-Example/Pods-RichTextVC-iOS-Example-frameworks.sh",
				"${BUILT_PRODUCTS_DIR}/RichTextVC-iOS-iOS9.3/RichTextVC_iOS.framework",
			);
			name = "[CP] Embed Pods Frameworks";
			outputPaths = (
				"${TARGET_BUILD_DIR}/${FRAMEWORKS_FOLDER_PATH}/RichTextVC_iOS.framework",
			);
			runOnlyForDeploymentPostprocessing = 0;
			shellPath = /bin/sh;
			shellScript = "\"${SRCROOT}/Pods/Target Support Files/Pods-RichTextVC-iOS-Example/Pods-RichTextVC-iOS-Example-frameworks.sh\"\n";
			showEnvVarsInLog = 0;
		};
/* End PBXShellScriptBuildPhase section */

/* Begin PBXSourcesBuildPhase section */
		119567F21DF0CF5500BF7F13 /* Sources */ = {
			isa = PBXSourcesBuildPhase;
			buildActionMask = 2147483647;
			files = (
				119567F91DF0CF5500BF7F13 /* RichTextVC_iOS_ExampleTests.swift in Sources */,
			);
			runOnlyForDeploymentPostprocessing = 0;
		};
		5959A67E1CCAA4CC005031E6 /* Sources */ = {
			isa = PBXSourcesBuildPhase;
			buildActionMask = 2147483647;
			files = (
				5959A6881CCAA4CC005031E6 /* ViewController.swift in Sources */,
				5959A6861CCAA4CC005031E6 /* AppDelegate.swift in Sources */,
			);
			runOnlyForDeploymentPostprocessing = 0;
		};
		5959A6921CCAA4CC005031E6 /* Sources */ = {
			isa = PBXSourcesBuildPhase;
			buildActionMask = 2147483647;
			files = (
				5959A69B1CCAA4CC005031E6 /* RichTextVC_iOS_ExampleUITests.swift in Sources */,
			);
			runOnlyForDeploymentPostprocessing = 0;
		};
/* End PBXSourcesBuildPhase section */

/* Begin PBXTargetDependency section */
		119567FC1DF0CF5500BF7F13 /* PBXTargetDependency */ = {
			isa = PBXTargetDependency;
			target = 5959A6811CCAA4CC005031E6 /* RichTextVC-iOS-Example */;
			targetProxy = 119567FB1DF0CF5500BF7F13 /* PBXContainerItemProxy */;
		};
		5959A6981CCAA4CC005031E6 /* PBXTargetDependency */ = {
			isa = PBXTargetDependency;
			target = 5959A6811CCAA4CC005031E6 /* RichTextVC-iOS-Example */;
			targetProxy = 5959A6971CCAA4CC005031E6 /* PBXContainerItemProxy */;
		};
/* End PBXTargetDependency section */

/* Begin PBXVariantGroup section */
		5959A6891CCAA4CC005031E6 /* Main.storyboard */ = {
			isa = PBXVariantGroup;
			children = (
				5959A68A1CCAA4CC005031E6 /* Base */,
			);
			name = Main.storyboard;
			sourceTree = "<group>";
		};
		5959A68E1CCAA4CC005031E6 /* LaunchScreen.storyboard */ = {
			isa = PBXVariantGroup;
			children = (
				5959A68F1CCAA4CC005031E6 /* Base */,
			);
			name = LaunchScreen.storyboard;
			sourceTree = "<group>";
		};
/* End PBXVariantGroup section */

/* Begin XCBuildConfiguration section */
		119567FD1DF0CF5500BF7F13 /* Debug */ = {
			isa = XCBuildConfiguration;
			baseConfigurationReference = 8C557A8CC724D55D2BDCCB5F /* Pods-RichTextVC-iOS-ExampleTests.debug.xcconfig */;
			buildSettings = {
				BUNDLE_LOADER = "$(TEST_HOST)";
				CLANG_WARN_DOCUMENTATION_COMMENTS = YES;
				CLANG_WARN_SUSPICIOUS_MOVES = YES;
				INFOPLIST_FILE = "RichTextVC-iOS-ExampleTests/Info.plist";
				IPHONEOS_DEPLOYMENT_TARGET = 10.1;
				LD_RUNPATH_SEARCH_PATHS = "$(inherited) @executable_path/Frameworks @loader_path/Frameworks";
				PRODUCT_BUNDLE_IDENTIFIER = "com.lyokotech.RichTextVC-iOS-ExampleTests";
				PRODUCT_NAME = "$(TARGET_NAME)";
				SWIFT_ACTIVE_COMPILATION_CONDITIONS = DEBUG;
				SWIFT_VERSION = 4.0;
				TEST_HOST = "$(BUILT_PRODUCTS_DIR)/RichTextVC-iOS-Example.app/RichTextVC-iOS-Example";
			};
			name = Debug;
		};
		119567FE1DF0CF5500BF7F13 /* Release */ = {
			isa = XCBuildConfiguration;
			baseConfigurationReference = 8887BF4486E5693B7770B505 /* Pods-RichTextVC-iOS-ExampleTests.release.xcconfig */;
			buildSettings = {
				BUNDLE_LOADER = "$(TEST_HOST)";
				CLANG_WARN_DOCUMENTATION_COMMENTS = YES;
				CLANG_WARN_SUSPICIOUS_MOVES = YES;
				INFOPLIST_FILE = "RichTextVC-iOS-ExampleTests/Info.plist";
				IPHONEOS_DEPLOYMENT_TARGET = 10.1;
				LD_RUNPATH_SEARCH_PATHS = "$(inherited) @executable_path/Frameworks @loader_path/Frameworks";
				PRODUCT_BUNDLE_IDENTIFIER = "com.lyokotech.RichTextVC-iOS-ExampleTests";
				PRODUCT_NAME = "$(TARGET_NAME)";
				SWIFT_OPTIMIZATION_LEVEL = "-Owholemodule";
				SWIFT_VERSION = 4.0;
				TEST_HOST = "$(BUILT_PRODUCTS_DIR)/RichTextVC-iOS-Example.app/RichTextVC-iOS-Example";
			};
			name = Release;
		};
		5959A69D1CCAA4CC005031E6 /* Debug */ = {
			isa = XCBuildConfiguration;
			buildSettings = {
				ALWAYS_SEARCH_USER_PATHS = NO;
				CLANG_ANALYZER_NONNULL = YES;
				CLANG_CXX_LANGUAGE_STANDARD = "gnu++0x";
				CLANG_CXX_LIBRARY = "libc++";
				CLANG_ENABLE_MODULES = YES;
				CLANG_ENABLE_OBJC_ARC = YES;
				CLANG_WARN_BLOCK_CAPTURE_AUTORELEASING = YES;
				CLANG_WARN_BOOL_CONVERSION = YES;
				CLANG_WARN_COMMA = YES;
				CLANG_WARN_CONSTANT_CONVERSION = YES;
				CLANG_WARN_DIRECT_OBJC_ISA_USAGE = YES_ERROR;
				CLANG_WARN_EMPTY_BODY = YES;
				CLANG_WARN_ENUM_CONVERSION = YES;
				CLANG_WARN_INFINITE_RECURSION = YES;
				CLANG_WARN_INT_CONVERSION = YES;
				CLANG_WARN_NON_LITERAL_NULL_CONVERSION = YES;
				CLANG_WARN_OBJC_LITERAL_CONVERSION = YES;
				CLANG_WARN_OBJC_ROOT_CLASS = YES_ERROR;
				CLANG_WARN_RANGE_LOOP_ANALYSIS = YES;
				CLANG_WARN_STRICT_PROTOTYPES = YES;
				CLANG_WARN_SUSPICIOUS_MOVE = YES;
				CLANG_WARN_UNREACHABLE_CODE = YES;
				CLANG_WARN__DUPLICATE_METHOD_MATCH = YES;
				"CODE_SIGN_IDENTITY[sdk=iphoneos*]" = "iPhone Developer";
				COPY_PHASE_STRIP = NO;
				DEBUG_INFORMATION_FORMAT = dwarf;
				ENABLE_STRICT_OBJC_MSGSEND = YES;
				ENABLE_TESTABILITY = YES;
				GCC_C_LANGUAGE_STANDARD = gnu99;
				GCC_DYNAMIC_NO_PIC = NO;
				GCC_NO_COMMON_BLOCKS = YES;
				GCC_OPTIMIZATION_LEVEL = 0;
				GCC_PREPROCESSOR_DEFINITIONS = (
					"DEBUG=1",
					"$(inherited)",
				);
				GCC_WARN_64_TO_32_BIT_CONVERSION = YES;
				GCC_WARN_ABOUT_RETURN_TYPE = YES_ERROR;
				GCC_WARN_UNDECLARED_SELECTOR = YES;
				GCC_WARN_UNINITIALIZED_AUTOS = YES_AGGRESSIVE;
				GCC_WARN_UNUSED_FUNCTION = YES;
				GCC_WARN_UNUSED_VARIABLE = YES;
				IPHONEOS_DEPLOYMENT_TARGET = 9.3;
				MTL_ENABLE_DEBUG_INFO = YES;
				ONLY_ACTIVE_ARCH = YES;
				SDKROOT = iphoneos;
				SWIFT_OPTIMIZATION_LEVEL = "-Onone";
				TARGETED_DEVICE_FAMILY = "1,2";
			};
			name = Debug;
		};
		5959A69E1CCAA4CC005031E6 /* Release */ = {
			isa = XCBuildConfiguration;
			buildSettings = {
				ALWAYS_SEARCH_USER_PATHS = NO;
				CLANG_ANALYZER_NONNULL = YES;
				CLANG_CXX_LANGUAGE_STANDARD = "gnu++0x";
				CLANG_CXX_LIBRARY = "libc++";
				CLANG_ENABLE_MODULES = YES;
				CLANG_ENABLE_OBJC_ARC = YES;
				CLANG_WARN_BLOCK_CAPTURE_AUTORELEASING = YES;
				CLANG_WARN_BOOL_CONVERSION = YES;
				CLANG_WARN_COMMA = YES;
				CLANG_WARN_CONSTANT_CONVERSION = YES;
				CLANG_WARN_DIRECT_OBJC_ISA_USAGE = YES_ERROR;
				CLANG_WARN_EMPTY_BODY = YES;
				CLANG_WARN_ENUM_CONVERSION = YES;
				CLANG_WARN_INFINITE_RECURSION = YES;
				CLANG_WARN_INT_CONVERSION = YES;
				CLANG_WARN_NON_LITERAL_NULL_CONVERSION = YES;
				CLANG_WARN_OBJC_LITERAL_CONVERSION = YES;
				CLANG_WARN_OBJC_ROOT_CLASS = YES_ERROR;
				CLANG_WARN_RANGE_LOOP_ANALYSIS = YES;
				CLANG_WARN_STRICT_PROTOTYPES = YES;
				CLANG_WARN_SUSPICIOUS_MOVE = YES;
				CLANG_WARN_UNREACHABLE_CODE = YES;
				CLANG_WARN__DUPLICATE_METHOD_MATCH = YES;
				"CODE_SIGN_IDENTITY[sdk=iphoneos*]" = "iPhone Developer";
				COPY_PHASE_STRIP = NO;
				DEBUG_INFORMATION_FORMAT = "dwarf-with-dsym";
				ENABLE_NS_ASSERTIONS = NO;
				ENABLE_STRICT_OBJC_MSGSEND = YES;
				GCC_C_LANGUAGE_STANDARD = gnu99;
				GCC_NO_COMMON_BLOCKS = YES;
				GCC_WARN_64_TO_32_BIT_CONVERSION = YES;
				GCC_WARN_ABOUT_RETURN_TYPE = YES_ERROR;
				GCC_WARN_UNDECLARED_SELECTOR = YES;
				GCC_WARN_UNINITIALIZED_AUTOS = YES_AGGRESSIVE;
				GCC_WARN_UNUSED_FUNCTION = YES;
				GCC_WARN_UNUSED_VARIABLE = YES;
				IPHONEOS_DEPLOYMENT_TARGET = 9.3;
				MTL_ENABLE_DEBUG_INFO = NO;
				SDKROOT = iphoneos;
				TARGETED_DEVICE_FAMILY = "1,2";
				VALIDATE_PRODUCT = YES;
			};
			name = Release;
		};
		5959A6A01CCAA4CC005031E6 /* Debug */ = {
			isa = XCBuildConfiguration;
			baseConfigurationReference = 493CDC80A3392B49A8BE7BF0 /* Pods-RichTextVC-iOS-Example.debug.xcconfig */;
			buildSettings = {
				ALWAYS_EMBED_SWIFT_STANDARD_LIBRARIES = YES;
				ASSETCATALOG_COMPILER_APPICON_NAME = AppIcon;
				INFOPLIST_FILE = "RichTextVC-iOS-Example/Info.plist";
				LD_RUNPATH_SEARCH_PATHS = "$(inherited) @executable_path/Frameworks";
				PRODUCT_BUNDLE_IDENTIFIER = "com.lyokotech.RichTextVC-iOS-Example";
				PRODUCT_NAME = "$(TARGET_NAME)";
				SWIFT_VERSION = 4.0;
			};
			name = Debug;
		};
		5959A6A11CCAA4CC005031E6 /* Release */ = {
			isa = XCBuildConfiguration;
			baseConfigurationReference = 7DC9CEF39D23A51166AAD19B /* Pods-RichTextVC-iOS-Example.release.xcconfig */;
			buildSettings = {
				ALWAYS_EMBED_SWIFT_STANDARD_LIBRARIES = YES;
				ASSETCATALOG_COMPILER_APPICON_NAME = AppIcon;
				INFOPLIST_FILE = "RichTextVC-iOS-Example/Info.plist";
				LD_RUNPATH_SEARCH_PATHS = "$(inherited) @executable_path/Frameworks";
				PRODUCT_BUNDLE_IDENTIFIER = "com.lyokotech.RichTextVC-iOS-Example";
				PRODUCT_NAME = "$(TARGET_NAME)";
				SWIFT_OPTIMIZATION_LEVEL = "-Owholemodule";
				SWIFT_VERSION = 4.0;
			};
			name = Release;
		};
		5959A6A31CCAA4CC005031E6 /* Debug */ = {
			isa = XCBuildConfiguration;
			baseConfigurationReference = E6060A7906FB6F67F03C1B0E /* Pods-RichTextVC-iOS-Tests.debug.xcconfig */;
			buildSettings = {
				ALWAYS_EMBED_SWIFT_STANDARD_LIBRARIES = YES;
				INFOPLIST_FILE = "RichTextVC-iOS-ExampleUITests/Info.plist";
				LD_RUNPATH_SEARCH_PATHS = "$(inherited) @executable_path/Frameworks @loader_path/Frameworks";
				PRODUCT_BUNDLE_IDENTIFIER = "com.lyokotech.RichTextVC-iOS-ExampleUITests";
				PRODUCT_NAME = "$(TARGET_NAME)";
				SWIFT_VERSION = 4.0;
				TEST_TARGET_NAME = "RichTextVC-iOS-Example";
			};
			name = Debug;
		};
		5959A6A41CCAA4CC005031E6 /* Release */ = {
			isa = XCBuildConfiguration;
			baseConfigurationReference = 6813546731D067CE65DD9C29 /* Pods-RichTextVC-iOS-Tests.release.xcconfig */;
			buildSettings = {
				ALWAYS_EMBED_SWIFT_STANDARD_LIBRARIES = YES;
				INFOPLIST_FILE = "RichTextVC-iOS-ExampleUITests/Info.plist";
				LD_RUNPATH_SEARCH_PATHS = "$(inherited) @executable_path/Frameworks @loader_path/Frameworks";
				PRODUCT_BUNDLE_IDENTIFIER = "com.lyokotech.RichTextVC-iOS-ExampleUITests";
				PRODUCT_NAME = "$(TARGET_NAME)";
				SWIFT_OPTIMIZATION_LEVEL = "-Owholemodule";
				SWIFT_VERSION = 4.0;
				TEST_TARGET_NAME = "RichTextVC-iOS-Example";
			};
			name = Release;
		};
/* End XCBuildConfiguration section */

/* Begin XCConfigurationList section */
		119567FF1DF0CF5500BF7F13 /* Build configuration list for PBXNativeTarget "RichTextVC-iOS-ExampleTests" */ = {
			isa = XCConfigurationList;
			buildConfigurations = (
				119567FD1DF0CF5500BF7F13 /* Debug */,
				119567FE1DF0CF5500BF7F13 /* Release */,
			);
			defaultConfigurationIsVisible = 0;
			defaultConfigurationName = Release;
		};
		5959A67D1CCAA4CC005031E6 /* Build configuration list for PBXProject "RichTextVC-iOS-Example" */ = {
			isa = XCConfigurationList;
			buildConfigurations = (
				5959A69D1CCAA4CC005031E6 /* Debug */,
				5959A69E1CCAA4CC005031E6 /* Release */,
			);
			defaultConfigurationIsVisible = 0;
			defaultConfigurationName = Release;
		};
		5959A69F1CCAA4CC005031E6 /* Build configuration list for PBXNativeTarget "RichTextVC-iOS-Example" */ = {
			isa = XCConfigurationList;
			buildConfigurations = (
				5959A6A01CCAA4CC005031E6 /* Debug */,
				5959A6A11CCAA4CC005031E6 /* Release */,
			);
			defaultConfigurationIsVisible = 0;
			defaultConfigurationName = Release;
		};
		5959A6A21CCAA4CC005031E6 /* Build configuration list for PBXNativeTarget "RichTextVC-iOS-Tests" */ = {
			isa = XCConfigurationList;
			buildConfigurations = (
				5959A6A31CCAA4CC005031E6 /* Debug */,
				5959A6A41CCAA4CC005031E6 /* Release */,
			);
			defaultConfigurationIsVisible = 0;
			defaultConfigurationName = Release;
		};
/* End XCConfigurationList section */
	};
	rootObject = 5959A67A1CCAA4CC005031E6 /* Project object */;
}
